
Microsoft Visual Studio Solution File, Format Version 12.00
# Visual Studio Version 17
VisualStudioVersion = 17.7.34031.279
MinimumVisualStudioVersion = 10.0.40219.1
Project("{FAE04EC0-301F-11D3-BF4B-00C04F79EFBC}") = "Chips-challenge-monogame", "Chips-challenge-monogame\Chips-challenge-monogame.csproj", "{A449DA6E-60D3-461F-A515-50E111F59AE8}"
EndProject
Global
	GlobalSection(SolutionConfigurationPlatforms) = preSolution
		Debug|Any CPU = Debug|Any CPU
		Release|Any CPU = Release|Any CPU
	EndGlobalSection
	GlobalSection(ProjectConfigurationPlatforms) = postSolution
		{A449DA6E-60D3-461F-A515-50E111F59AE8}.Debug|Any CPU.ActiveCfg = Debug|Any CPU
		{A449DA6E-60D3-461F-A515-50E111F59AE8}.Debug|Any CPU.Build.0 = Debug|Any CPU
		{A449DA6E-60D3-461F-A515-50E111F59AE8}.Release|Any CPU.ActiveCfg = Release|Any CPU
		{A449DA6E-60D3-461F-A515-50E111F59AE8}.Release|Any CPU.Build.0 = Release|Any CPU
	EndGlobalSection
	GlobalSection(SolutionProperties) = preSolution
		HideSolutionNode = FALSE
	EndGlobalSection
	GlobalSection(ExtensibilityGlobals) = postSolution
		SolutionGuid = {E3119CEC-25A1-4DE6-A012-E32A26D17C27}
	EndGlobalSection
EndGlobal
